
Microsoft Visual Studio Solution File, Format Version 12.00
# Visual Studio Version 17
VisualStudioVersion = 17.8.34322.80
MinimumVisualStudioVersion = 10.0.40219.1
Project("{FAE04EC0-301F-11D3-BF4B-00C04F79EFBC}") = "InterfaceAbstractDemo", "InterfaceAbstractDemo\InterfaceAbstractDemo.csproj", "{FBE1124D-E883-43B6-A4B6-634CE3478010}"
EndProject
Global
	GlobalSection(SolutionConfigurationPlatforms) = preSolution
		Debug|Any CPU = Debug|Any CPU
		Release|Any CPU = Release|Any CPU
	EndGlobalSection
	GlobalSection(ProjectConfigurationPlatforms) = postSolution
		{FBE1124D-E883-43B6-A4B6-634CE3478010}.Debug|Any CPU.ActiveCfg = Debug|Any CPU
		{FBE1124D-E883-43B6-A4B6-634CE3478010}.Debug|Any CPU.Build.0 = Debug|Any CPU
		{FBE1124D-E883-43B6-A4B6-634CE3478010}.Release|Any CPU.ActiveCfg = Release|Any CPU
		{FBE1124D-E883-43B6-A4B6-634CE3478010}.Release|Any CPU.Build.0 = Release|Any CPU
	EndGlobalSection
	GlobalSection(SolutionProperties) = preSolution
		HideSolutionNode = FALSE
	EndGlobalSection
	GlobalSection(ExtensibilityGlobals) = postSolution
		SolutionGuid = {7D8849AA-38EA-43E9-89CD-1D999FD06AFF}
	EndGlobalSection
EndGlobal
